// !$*UTF8*$!
{
	archiveVersion = 1;
	classes = {
	};
	objectVersion = 56;
	objects = {

/* Begin PBXBuildFile section */
		113B0437295D696800CB7C03 /* BannerCell.swift in Sources */ = {isa = PBXBuildFile; fileRef = 113B0436295D696800CB7C03 /* BannerCell.swift */; };
		11B969AB295B28A1009C73AF /* AppDelegate.swift in Sources */ = {isa = PBXBuildFile; fileRef = 11B969AA295B28A1009C73AF /* AppDelegate.swift */; };
		11B969AD295B28A1009C73AF /* SceneDelegate.swift in Sources */ = {isa = PBXBuildFile; fileRef = 11B969AC295B28A1009C73AF /* SceneDelegate.swift */; };
		11B969AF295B28A1009C73AF /* ViewController.swift in Sources */ = {isa = PBXBuildFile; fileRef = 11B969AE295B28A1009C73AF /* ViewController.swift */; };
		11B969B2295B28A1009C73AF /* Main.storyboard in Resources */ = {isa = PBXBuildFile; fileRef = 11B969B0295B28A1009C73AF /* Main.storyboard */; };
		11B969B4295B28A3009C73AF /* Assets.xcassets in Resources */ = {isa = PBXBuildFile; fileRef = 11B969B3295B28A3009C73AF /* Assets.xcassets */; };
		11B969B7295B28A3009C73AF /* LaunchScreen.storyboard in Resources */ = {isa = PBXBuildFile; fileRef = 11B969B5295B28A3009C73AF /* LaunchScreen.storyboard */; };
		11B969C2295B28A3009C73AF /* week2Tests.swift in Sources */ = {isa = PBXBuildFile; fileRef = 11B969C1295B28A3009C73AF /* week2Tests.swift */; };
		11B969CC295B28A3009C73AF /* week2UITests.swift in Sources */ = {isa = PBXBuildFile; fileRef = 11B969CB295B28A3009C73AF /* week2UITests.swift */; };
		11B969CE295B28A3009C73AF /* week2UITestsLaunchTests.swift in Sources */ = {isa = PBXBuildFile; fileRef = 11B969CD295B28A3009C73AF /* week2UITestsLaunchTests.swift */; };
/* End PBXBuildFile section */

/* Begin PBXContainerItemProxy section */
		11B969BE295B28A3009C73AF /* PBXContainerItemProxy */ = {
			isa = PBXContainerItemProxy;
			containerPortal = 11B9699F295B28A1009C73AF /* Project object */;
			proxyType = 1;
			remoteGlobalIDString = 11B969A6295B28A1009C73AF;
			remoteInfo = week2;
		};
		11B969C8295B28A3009C73AF /* PBXContainerItemProxy */ = {
			isa = PBXContainerItemProxy;
			containerPortal = 11B9699F295B28A1009C73AF /* Project object */;
			proxyType = 1;
			remoteGlobalIDString = 11B969A6295B28A1009C73AF;
			remoteInfo = week2;
		};
/* End PBXContainerItemProxy section */

/* Begin PBXFileReference section */
		113B0436295D696800CB7C03 /* BannerCell.swift */ = {isa = PBXFileReference; lastKnownFileType = sourcecode.swift; path = BannerCell.swift; sourceTree = "<group>"; };
		11B969A7295B28A1009C73AF /* week2.app */ = {isa = PBXFileReference; explicitFileType = wrapper.application; includeInIndex = 0; path = week2.app; sourceTree = BUILT_PRODUCTS_DIR; };
		11B969AA295B28A1009C73AF /* AppDelegate.swift */ = {isa = PBXFileReference; lastKnownFileType = sourcecode.swift; path = AppDelegate.swift; sourceTree = "<group>"; };
		11B969AC295B28A1009C73AF /* SceneDelegate.swift */ = {isa = PBXFileReference; lastKnownFileType = sourcecode.swift; path = SceneDelegate.swift; sourceTree = "<group>"; };
		11B969AE295B28A1009C73AF /* ViewController.swift */ = {isa = PBXFileReference; lastKnownFileType = sourcecode.swift; path = ViewController.swift; sourceTree = "<group>"; };
		11B969B1295B28A1009C73AF /* Base */ = {isa = PBXFileReference; lastKnownFileType = file.storyboard; name = Base; path = Base.lproj/Main.storyboard; sourceTree = "<group>"; };
		11B969B3295B28A3009C73AF /* Assets.xcassets */ = {isa = PBXFileReference; lastKnownFileType = folder.assetcatalog; path = Assets.xcassets; sourceTree = "<group>"; };
		11B969B6295B28A3009C73AF /* Base */ = {isa = PBXFileReference; lastKnownFileType = file.storyboard; name = Base; path = Base.lproj/LaunchScreen.storyboard; sourceTree = "<group>"; };
		11B969B8295B28A3009C73AF /* Info.plist */ = {isa = PBXFileReference; lastKnownFileType = text.plist.xml; path = Info.plist; sourceTree = "<group>"; };
		11B969BD295B28A3009C73AF /* week2Tests.xctest */ = {isa = PBXFileReference; explicitFileType = wrapper.cfbundle; includeInIndex = 0; path = week2Tests.xctest; sourceTree = BUILT_PRODUCTS_DIR; };
		11B969C1295B28A3009C73AF /* week2Tests.swift */ = {isa = PBXFileReference; lastKnownFileType = sourcecode.swift; path = week2Tests.swift; sourceTree = "<group>"; };
		11B969C7295B28A3009C73AF /* week2UITests.xctest */ = {isa = PBXFileReference; explicitFileType = wrapper.cfbundle; includeInIndex = 0; path = week2UITests.xctest; sourceTree = BUILT_PRODUCTS_DIR; };
		11B969CB295B28A3009C73AF /* week2UITests.swift */ = {isa = PBXFileReference; lastKnownFileType = sourcecode.swift; path = week2UITests.swift; sourceTree = "<group>"; };
		11B969CD295B28A3009C73AF /* week2UITestsLaunchTests.swift */ = {isa = PBXFileReference; lastKnownFileType = sourcecode.swift; path = week2UITestsLaunchTests.swift; sourceTree = "<group>"; };
/* End PBXFileReference section */

/* Begin PBXFrameworksBuildPhase section */
		11B969A4295B28A1009C73AF /* Frameworks */ = {
			isa = PBXFrameworksBuildPhase;
			buildActionMask = 2147483647;
			files = (
			);
			runOnlyForDeploymentPostprocessing = 0;
		};
		11B969BA295B28A3009C73AF /* Frameworks */ = {
			isa = PBXFrameworksBuildPhase;
			buildActionMask = 2147483647;
			files = (
			);
			runOnlyForDeploymentPostprocessing = 0;
		};
		11B969C4295B28A3009C73AF /* Frameworks */ = {
			isa = PBXFrameworksBuildPhase;
			buildActionMask = 2147483647;
			files = (
			);
			runOnlyForDeploymentPostprocessing = 0;
		};
/* End PBXFrameworksBuildPhase section */

/* Begin PBXGroup section */
		11B9699E295B28A1009C73AF = {
			isa = PBXGroup;
			children = (
				11B969A9295B28A1009C73AF /* week2 */,
				11B969C0295B28A3009C73AF /* week2Tests */,
				11B969CA295B28A3009C73AF /* week2UITests */,
				11B969A8295B28A1009C73AF /* Products */,
			);
			sourceTree = "<group>";
		};
		11B969A8295B28A1009C73AF /* Products */ = {
			isa = PBXGroup;
			children = (
				11B969A7295B28A1009C73AF /* week2.app */,
				11B969BD295B28A3009C73AF /* week2Tests.xctest */,
				11B969C7295B28A3009C73AF /* week2UITests.xctest */,
			);
			name = Products;
			sourceTree = "<group>";
		};
		11B969A9295B28A1009C73AF /* week2 */ = {
			isa = PBXGroup;
			children = (
				11B969AA295B28A1009C73AF /* AppDelegate.swift */,
				11B969AC295B28A1009C73AF /* SceneDelegate.swift */,
				11B969AE295B28A1009C73AF /* ViewController.swift */,
				11B969B0295B28A1009C73AF /* Main.storyboard */,
				11B969B3295B28A3009C73AF /* Assets.xcassets */,
				11B969B5295B28A3009C73AF /* LaunchScreen.storyboard */,
				11B969B8295B28A3009C73AF /* Info.plist */,
				113B0436295D696800CB7C03 /* BannerCell.swift */,
			);
			path = week2;
			sourceTree = "<group>";
		};
		11B969C0295B28A3009C73AF /* week2Tests */ = {
			isa = PBXGroup;
			children = (
				11B969C1295B28A3009C73AF /* week2Tests.swift */,
			);
			path = week2Tests;
			sourceTree = "<group>";
		};
		11B969CA295B28A3009C73AF /* week2UITests */ = {
			isa = PBXGroup;
			children = (
				11B969CB295B28A3009C73AF /* week2UITests.swift */,
				11B969CD295B28A3009C73AF /* week2UITestsLaunchTests.swift */,
			);
			path = week2UITests;
			sourceTree = "<group>";
		};
/* End PBXGroup section */

/* Begin PBXNativeTarget section */
		11B969A6295B28A1009C73AF /* week2 */ = {
			isa = PBXNativeTarget;
			buildConfigurationList = 11B969D1295B28A3009C73AF /* Build configuration list for PBXNativeTarget "week2" */;
			buildPhases = (
				11B969A3295B28A1009C73AF /* Sources */,
				11B969A4295B28A1009C73AF /* Frameworks */,
				11B969A5295B28A1009C73AF /* Resources */,
			);
			buildRules = (
			);
			dependencies = (
			);
			name = week2;
			productName = week2;
			productReference = 11B969A7295B28A1009C73AF /* week2.app */;
			productType = "com.apple.product-type.application";
		};
		11B969BC295B28A3009C73AF /* week2Tests */ = {
			isa = PBXNativeTarget;
			buildConfigurationList = 11B969D4295B28A3009C73AF /* Build configuration list for PBXNativeTarget "week2Tests" */;
			buildPhases = (
				11B969B9295B28A3009C73AF /* Sources */,
				11B969BA295B28A3009C73AF /* Frameworks */,
				11B969BB295B28A3009C73AF /* Resources */,
			);
			buildRules = (
			);
			dependencies = (
				11B969BF295B28A3009C73AF /* PBXTargetDependency */,
			);
			name = week2Tests;
			productName = week2Tests;
			productReference = 11B969BD295B28A3009C73AF /* week2Tests.xctest */;
			productType = "com.apple.product-type.bundle.unit-test";
		};
		11B969C6295B28A3009C73AF /* week2UITests */ = {
			isa = PBXNativeTarget;
			buildConfigurationList = 11B969D7295B28A3009C73AF /* Build configuration list for PBXNativeTarget "week2UITests" */;
			buildPhases = (
				11B969C3295B28A3009C73AF /* Sources */,
				11B969C4295B28A3009C73AF /* Frameworks */,
				11B969C5295B28A3009C73AF /* Resources */,
			);
			buildRules = (
			);
			dependencies = (
				11B969C9295B28A3009C73AF /* PBXTargetDependency */,
			);
			name = week2UITests;
			productName = week2UITests;
			productReference = 11B969C7295B28A3009C73AF /* week2UITests.xctest */;
			productType = "com.apple.product-type.bundle.ui-testing";
		};
/* End PBXNativeTarget section */

/* Begin PBXProject section */
		11B9699F295B28A1009C73AF /* Project object */ = {
			isa = PBXProject;
			attributes = {
				BuildIndependentTargetsInParallel = 1;
				LastSwiftUpdateCheck = 1420;
				LastUpgradeCheck = 1420;
				TargetAttributes = {
					11B969A6295B28A1009C73AF = {
						CreatedOnToolsVersion = 14.2;
					};
					11B969BC295B28A3009C73AF = {
						CreatedOnToolsVersion = 14.2;
						TestTargetID = 11B969A6295B28A1009C73AF;
					};
					11B969C6295B28A3009C73AF = {
						CreatedOnToolsVersion = 14.2;
						TestTargetID = 11B969A6295B28A1009C73AF;
					};
				};
			};
			buildConfigurationList = 11B969A2295B28A1009C73AF /* Build configuration list for PBXProject "week2" */;
			compatibilityVersion = "Xcode 14.0";
			developmentRegion = en;
			hasScannedForEncodings = 0;
			knownRegions = (
				en,
				Base,
			);
			mainGroup = 11B9699E295B28A1009C73AF;
			productRefGroup = 11B969A8295B28A1009C73AF /* Products */;
			projectDirPath = "";
			projectRoot = "";
			targets = (
				11B969A6295B28A1009C73AF /* week2 */,
				11B969BC295B28A3009C73AF /* week2Tests */,
				11B969C6295B28A3009C73AF /* week2UITests */,
			);
		};
/* End PBXProject section */

/* Begin PBXResourcesBuildPhase section */
		11B969A5295B28A1009C73AF /* Resources */ = {
			isa = PBXResourcesBuildPhase;
			buildActionMask = 2147483647;
			files = (
				11B969B7295B28A3009C73AF /* LaunchScreen.storyboard in Resources */,
				11B969B4295B28A3009C73AF /* Assets.xcassets in Resources */,
				11B969B2295B28A1009C73AF /* Main.storyboard in Resources */,
			);
			runOnlyForDeploymentPostprocessing = 0;
		};
		11B969BB295B28A3009C73AF /* Resources */ = {
			isa = PBXResourcesBuildPhase;
			buildActionMask = 2147483647;
			files = (
			);
			runOnlyForDeploymentPostprocessing = 0;
		};
		11B969C5295B28A3009C73AF /* Resources */ = {
			isa = PBXResourcesBuildPhase;
			buildActionMask = 2147483647;
			files = (
			);
			runOnlyForDeploymentPostprocessing = 0;
		};
/* End PBXResourcesBuildPhase section */

/* Begin PBXSourcesBuildPhase section */
		11B969A3295B28A1009C73AF /* Sources */ = {
			isa = PBXSourcesBuildPhase;
			buildActionMask = 2147483647;
			files = (
				11B969AF295B28A1009C73AF /* ViewController.swift in Sources */,
				113B0437295D696800CB7C03 /* BannerCell.swift in Sources */,
				11B969AB295B28A1009C73AF /* AppDelegate.swift in Sources */,
				11B969AD295B28A1009C73AF /* SceneDelegate.swift in Sources */,
			);
			runOnlyForDeploymentPostprocessing = 0;
		};
		11B969B9295B28A3009C73AF /* Sources */ = {
			isa = PBXSourcesBuildPhase;
			buildActionMask = 2147483647;
			files = (
				11B969C2295B28A3009C73AF /* week2Tests.swift in Sources */,
			);
			runOnlyForDeploymentPostprocessing = 0;
		};
		11B969C3295B28A3009C73AF /* Sources */ = {
			isa = PBXSourcesBuildPhase;
			buildActionMask = 2147483647;
			files = (
				11B969CC295B28A3009C73AF /* week2UITests.swift in Sources */,
				11B969CE295B28A3009C73AF /* week2UITestsLaunchTests.swift in Sources */,
			);
			runOnlyForDeploymentPostprocessing = 0;
		};
/* End PBXSourcesBuildPhase section */

/* Begin PBXTargetDependency section */
		11B969BF295B28A3009C73AF /* PBXTargetDependency */ = {
			isa = PBXTargetDependency;
			target = 11B969A6295B28A1009C73AF /* week2 */;
			targetProxy = 11B969BE295B28A3009C73AF /* PBXContainerItemProxy */;
		};
		11B969C9295B28A3009C73AF /* PBXTargetDependency */ = {
			isa = PBXTargetDependency;
			target = 11B969A6295B28A1009C73AF /* week2 */;
			targetProxy = 11B969C8295B28A3009C73AF /* PBXContainerItemProxy */;
		};
/* End PBXTargetDependency section */

/* Begin PBXVariantGroup section */
		11B969B0295B28A1009C73AF /* Main.storyboard */ = {
			isa = PBXVariantGroup;
			children = (
				11B969B1295B28A1009C73AF /* Base */,
			);
			name = Main.storyboard;
			sourceTree = "<group>";
		};
		11B969B5295B28A3009C73AF /* LaunchScreen.storyboard */ = {
			isa = PBXVariantGroup;
			children = (
				11B969B6295B28A3009C73AF /* Base */,
			);
			name = LaunchScreen.storyboard;
			sourceTree = "<group>";
		};
/* End PBXVariantGroup section */

/* Begin XCBuildConfiguration section */
		11B969CF295B28A3009C73AF /* Debug */ = {
			isa = XCBuildConfiguration;
			buildSettings = {
				ALWAYS_SEARCH_USER_PATHS = NO;
				CLANG_ANALYZER_NONNULL = YES;
				CLANG_ANALYZER_NUMBER_OBJECT_CONVERSION = YES_AGGRESSIVE;
				CLANG_CXX_LANGUAGE_STANDARD = "gnu++20";
				CLANG_ENABLE_MODULES = YES;
				CLANG_ENABLE_OBJC_ARC = YES;
				CLANG_ENABLE_OBJC_WEAK = YES;
				CLANG_WARN_BLOCK_CAPTURE_AUTORELEASING = YES;
				CLANG_WARN_BOOL_CONVERSION = YES;
				CLANG_WARN_COMMA = YES;
				CLANG_WARN_CONSTANT_CONVERSION = YES;
				CLANG_WARN_DEPRECATED_OBJC_IMPLEMENTATIONS = YES;
				CLANG_WARN_DIRECT_OBJC_ISA_USAGE = YES_ERROR;
				CLANG_WARN_DOCUMENTATION_COMMENTS = YES;
				CLANG_WARN_EMPTY_BODY = YES;
				CLANG_WARN_ENUM_CONVERSION = YES;
				CLANG_WARN_INFINITE_RECURSION = YES;
				CLANG_WARN_INT_CONVERSION = YES;
				CLANG_WARN_NON_LITERAL_NULL_CONVERSION = YES;
				CLANG_WARN_OBJC_IMPLICIT_RETAIN_SELF = YES;
				CLANG_WARN_OBJC_LITERAL_CONVERSION = YES;
				CLANG_WARN_OBJC_ROOT_CLASS = YES_ERROR;
				CLANG_WARN_QUOTED_INCLUDE_IN_FRAMEWORK_HEADER = YES;
				CLANG_WARN_RANGE_LOOP_ANALYSIS = YES;
				CLANG_WARN_STRICT_PROTOTYPES = YES;
				CLANG_WARN_SUSPICIOUS_MOVE = YES;
				CLANG_WARN_UNGUARDED_AVAILABILITY = YES_AGGRESSIVE;
				CLANG_WARN_UNREACHABLE_CODE = YES;
				CLANG_WARN__DUPLICATE_METHOD_MATCH = YES;
				COPY_PHASE_STRIP = NO;
				DEBUG_INFORMATION_FORMAT = dwarf;
				ENABLE_STRICT_OBJC_MSGSEND = YES;
				ENABLE_TESTABILITY = YES;
				GCC_C_LANGUAGE_STANDARD = gnu11;
				GCC_DYNAMIC_NO_PIC = NO;
				GCC_NO_COMMON_BLOCKS = YES;
				GCC_OPTIMIZATION_LEVEL = 0;
				GCC_PREPROCESSOR_DEFINITIONS = (
					"DEBUG=1",
					"$(inherited)",
				);
				GCC_WARN_64_TO_32_BIT_CONVERSION = YES;
				GCC_WARN_ABOUT_RETURN_TYPE = YES_ERROR;
				GCC_WARN_UNDECLARED_SELECTOR = YES;
				GCC_WARN_UNINITIALIZED_AUTOS = YES_AGGRESSIVE;
				GCC_WARN_UNUSED_FUNCTION = YES;
				GCC_WARN_UNUSED_VARIABLE = YES;
				IPHONEOS_DEPLOYMENT_TARGET = 16.2;
				MTL_ENABLE_DEBUG_INFO = INCLUDE_SOURCE;
				MTL_FAST_MATH = YES;
				ONLY_ACTIVE_ARCH = YES;
				SDKROOT = iphoneos;
				SWIFT_ACTIVE_COMPILATION_CONDITIONS = DEBUG;
				SWIFT_OPTIMIZATION_LEVEL = "-Onone";
			};
			name = Debug;
		};
		11B969D0295B28A3009C73AF /* Release */ = {
			isa = XCBuildConfiguration;
			buildSettings = {
				ALWAYS_SEARCH_USER_PATHS = NO;
				CLANG_ANALYZER_NONNULL = YES;
				CLANG_ANALYZER_NUMBER_OBJECT_CONVERSION = YES_AGGRESSIVE;
				CLANG_CXX_LANGUAGE_STANDARD = "gnu++20";
				CLANG_ENABLE_MODULES = YES;
				CLANG_ENABLE_OBJC_ARC = YES;
				CLANG_ENABLE_OBJC_WEAK = YES;
				CLANG_WARN_BLOCK_CAPTURE_AUTORELEASING = YES;
				CLANG_WARN_BOOL_CONVERSION = YES;
				CLANG_WARN_COMMA = YES;
				CLANG_WARN_CONSTANT_CONVERSION = YES;
				CLANG_WARN_DEPRECATED_OBJC_IMPLEMENTATIONS = YES;
				CLANG_WARN_DIRECT_OBJC_ISA_USAGE = YES_ERROR;
				CLANG_WARN_DOCUMENTATION_COMMENTS = YES;
				CLANG_WARN_EMPTY_BODY = YES;
				CLANG_WARN_ENUM_CONVERSION = YES;
				CLANG_WARN_INFINITE_RECURSION = YES;
				CLANG_WARN_INT_CONVERSION = YES;
				CLANG_WARN_NON_LITERAL_NULL_CONVERSION = YES;
				CLANG_WARN_OBJC_IMPLICIT_RETAIN_SELF = YES;
				CLANG_WARN_OBJC_LITERAL_CONVERSION = YES;
				CLANG_WARN_OBJC_ROOT_CLASS = YES_ERROR;
				CLANG_WARN_QUOTED_INCLUDE_IN_FRAMEWORK_HEADER = YES;
				CLANG_WARN_RANGE_LOOP_ANALYSIS = YES;
				CLANG_WARN_STRICT_PROTOTYPES = YES;
				CLANG_WARN_SUSPICIOUS_MOVE = YES;
				CLANG_WARN_UNGUARDED_AVAILABILITY = YES_AGGRESSIVE;
				CLANG_WARN_UNREACHABLE_CODE = YES;
				CLANG_WARN__DUPLICATE_METHOD_MATCH = YES;
				COPY_PHASE_STRIP = NO;
				DEBUG_INFORMATION_FORMAT = "dwarf-with-dsym";
				ENABLE_NS_ASSERTIONS = NO;
				ENABLE_STRICT_OBJC_MSGSEND = YES;
				GCC_C_LANGUAGE_STANDARD = gnu11;
				GCC_NO_COMMON_BLOCKS = YES;
				GCC_WARN_64_TO_32_BIT_CONVERSION = YES;
				GCC_WARN_ABOUT_RETURN_TYPE = YES_ERROR;
				GCC_WARN_UNDECLARED_SELECTOR = YES;
				GCC_WARN_UNINITIALIZED_AUTOS = YES_AGGRESSIVE;
				GCC_WARN_UNUSED_FUNCTION = YES;
				GCC_WARN_UNUSED_VARIABLE = YES;
				IPHONEOS_DEPLOYMENT_TARGET = 16.2;
				MTL_ENABLE_DEBUG_INFO = NO;
				MTL_FAST_MATH = YES;
				SDKROOT = iphoneos;
				SWIFT_COMPILATION_MODE = wholemodule;
				SWIFT_OPTIMIZATION_LEVEL = "-O";
				VALIDATE_PRODUCT = YES;
			};
			name = Release;
		};
		11B969D2295B28A3009C73AF /* Debug */ = {
			isa = XCBuildConfiguration;
			buildSettings = {
				ASSETCATALOG_COMPILER_APPICON_NAME = AppIcon;
				ASSETCATALOG_COMPILER_GLOBAL_ACCENT_COLOR_NAME = AccentColor;
				CODE_SIGN_STYLE = Automatic;
				CURRENT_PROJECT_VERSION = 1;
				DEVELOPMENT_TEAM = W43DLLFB4Q;
				GENERATE_INFOPLIST_FILE = YES;
				INFOPLIST_FILE = week2/Info.plist;
				INFOPLIST_KEY_UIApplicationSupportsIndirectInputEvents = YES;
				INFOPLIST_KEY_UILaunchStoryboardName = LaunchScreen;
				INFOPLIST_KEY_UIMainStoryboardFile = Main;
				INFOPLIST_KEY_UISupportedInterfaceOrientations_iPad = "UIInterfaceOrientationPortrait UIInterfaceOrientationPortraitUpsideDown UIInterfaceOrientationLandscapeLeft UIInterfaceOrientationLandscapeRight";
				INFOPLIST_KEY_UISupportedInterfaceOrientations_iPhone = "UIInterfaceOrientationPortrait UIInterfaceOrientationLandscapeLeft UIInterfaceOrientationLandscapeRight";
				LD_RUNPATH_SEARCH_PATHS = (
					"$(inherited)",
					"@executable_path/Frameworks",
				);
				MARKETING_VERSION = 1.0;
				PRODUCT_BUNDLE_IDENTIFIER = com.rising.week2;
				PRODUCT_NAME = "$(TARGET_NAME)";
				SWIFT_EMIT_LOC_STRINGS = YES;
				SWIFT_VERSION = 5.0;
				TARGETED_DEVICE_FAMILY = "1,2";
			};
			name = Debug;
		};
		11B969D3295B28A3009C73AF /* Release */ = {
			isa = XCBuildConfiguration;
			buildSettings = {
				ASSETCATALOG_COMPILER_APPICON_NAME = AppIcon;
				ASSETCATALOG_COMPILER_GLOBAL_ACCENT_COLOR_NAME = AccentColor;
				CODE_SIGN_STYLE = Automatic;
				CURRENT_PROJECT_VERSION = 1;
				DEVELOPMENT_TEAM = W43DLLFB4Q;
				GENERATE_INFOPLIST_FILE = YES;
				INFOPLIST_FILE = week2/Info.plist;
				INFOPLIST_KEY_UIApplicationSupportsIndirectInputEvents = YES;
				INFOPLIST_KEY_UILaunchStoryboardName = LaunchScreen;
				INFOPLIST_KEY_UIMainStoryboardFile = Main;
				INFOPLIST_KEY_UISupportedInterfaceOrientations_iPad = "UIInterfaceOrientationPortrait UIInterfaceOrientationPortraitUpsideDown UIInterfaceOrientationLandscapeLeft UIInterfaceOrientationLandscapeRight";
				INFOPLIST_KEY_UISupportedInterfaceOrientations_iPhone = "UIInterfaceOrientationPortrait UIInterfaceOrientationLandscapeLeft UIInterfaceOrientationLandscapeRight";
				LD_RUNPATH_SEARCH_PATHS = (
					"$(inherited)",
					"@executable_path/Frameworks",
				);
				MARKETING_VERSION = 1.0;
				PRODUCT_BUNDLE_IDENTIFIER = com.rising.week2;
				PRODUCT_NAME = "$(TARGET_NAME)";
				SWIFT_EMIT_LOC_STRINGS = YES;
				SWIFT_VERSION = 5.0;
				TARGETED_DEVICE_FAMILY = "1,2";
			};
			name = Release;
		};
		11B969D5295B28A3009C73AF /* Debug */ = {
			isa = XCBuildConfiguration;
			buildSettings = {
				ALWAYS_EMBED_SWIFT_STANDARD_LIBRARIES = YES;
				BUNDLE_LOADER = "$(TEST_HOST)";
				CODE_SIGN_STYLE = Automatic;
				CURRENT_PROJECT_VERSION = 1;
				DEVELOPMENT_TEAM = W43DLLFB4Q;
				GENERATE_INFOPLIST_FILE = YES;
				IPHONEOS_DEPLOYMENT_TARGET = 16.2;
				MARKETING_VERSION = 1.0;
				PRODUCT_BUNDLE_IDENTIFIER = com.rising.week2Tests;
				PRODUCT_NAME = "$(TARGET_NAME)";
				SWIFT_EMIT_LOC_STRINGS = NO;
				SWIFT_VERSION = 5.0;
				TARGETED_DEVICE_FAMILY = "1,2";
				TEST_HOST = "$(BUILT_PRODUCTS_DIR)/week2.app/$(BUNDLE_EXECUTABLE_FOLDER_PATH)/week2";
			};
			name = Debug;
		};
		11B969D6295B28A3009C73AF /* Release */ = {
			isa = XCBuildConfiguration;
			buildSettings = {
				ALWAYS_EMBED_SWIFT_STANDARD_LIBRARIES = YES;
				BUNDLE_LOADER = "$(TEST_HOST)";
				CODE_SIGN_STYLE = Automatic;
				CURRENT_PROJECT_VERSION = 1;
				DEVELOPMENT_TEAM = W43DLLFB4Q;
				GENERATE_INFOPLIST_FILE = YES;
				IPHONEOS_DEPLOYMENT_TARGET = 16.2;
				MARKETING_VERSION = 1.0;
				PRODUCT_BUNDLE_IDENTIFIER = com.rising.week2Tests;
				PRODUCT_NAME = "$(TARGET_NAME)";
				SWIFT_EMIT_LOC_STRINGS = NO;
				SWIFT_VERSION = 5.0;
				TARGETED_DEVICE_FAMILY = "1,2";
				TEST_HOST = "$(BUILT_PRODUCTS_DIR)/week2.app/$(BUNDLE_EXECUTABLE_FOLDER_PATH)/week2";
			};
			name = Release;
		};
		11B969D8295B28A3009C73AF /* Debug */ = {
			isa = XCBuildConfiguration;
			buildSettings = {
				ALWAYS_EMBED_SWIFT_STANDARD_LIBRARIES = YES;
				CODE_SIGN_STYLE = Automatic;
				CURRENT_PROJECT_VERSION = 1;
				DEVELOPMENT_TEAM = W43DLLFB4Q;
				GENERATE_INFOPLIST_FILE = YES;
				MARKETING_VERSION = 1.0;
				PRODUCT_BUNDLE_IDENTIFIER = com.rising.week2UITests;
				PRODUCT_NAME = "$(TARGET_NAME)";
				SWIFT_EMIT_LOC_STRINGS = NO;
				SWIFT_VERSION = 5.0;
				TARGETED_DEVICE_FAMILY = "1,2";
				TEST_TARGET_NAME = week2;
			};
			name = Debug;
		};
		11B969D9295B28A3009C73AF /* Release */ = {
			isa = XCBuildConfiguration;
			buildSettings = {
				ALWAYS_EMBED_SWIFT_STANDARD_LIBRARIES = YES;
				CODE_SIGN_STYLE = Automatic;
				CURRENT_PROJECT_VERSION = 1;
				DEVELOPMENT_TEAM = W43DLLFB4Q;
				GENERATE_INFOPLIST_FILE = YES;
				MARKETING_VERSION = 1.0;
				PRODUCT_BUNDLE_IDENTIFIER = com.rising.week2UITests;
				PRODUCT_NAME = "$(TARGET_NAME)";
				SWIFT_EMIT_LOC_STRINGS = NO;
				SWIFT_VERSION = 5.0;
				TARGETED_DEVICE_FAMILY = "1,2";
				TEST_TARGET_NAME = week2;
			};
			name = Release;
		};
/* End XCBuildConfiguration section */

/* Begin XCConfigurationList section */
		11B969A2295B28A1009C73AF /* Build configuration list for PBXProject "week2" */ = {
			isa = XCConfigurationList;
			buildConfigurations = (
				11B969CF295B28A3009C73AF /* Debug */,
				11B969D0295B28A3009C73AF /* Release */,
			);
			defaultConfigurationIsVisible = 0;
			defaultConfigurationName = Release;
		};
		11B969D1295B28A3009C73AF /* Build configuration list for PBXNativeTarget "week2" */ = {
			isa = XCConfigurationList;
			buildConfigurations = (
				11B969D2295B28A3009C73AF /* Debug */,
				11B969D3295B28A3009C73AF /* Release */,
			);
			defaultConfigurationIsVisible = 0;
			defaultConfigurationName = Release;
		};
		11B969D4295B28A3009C73AF /* Build configuration list for PBXNativeTarget "week2Tests" */ = {
			isa = XCConfigurationList;
			buildConfigurations = (
				11B969D5295B28A3009C73AF /* Debug */,
				11B969D6295B28A3009C73AF /* Release */,
			);
			defaultConfigurationIsVisible = 0;
			defaultConfigurationName = Release;
		};
		11B969D7295B28A3009C73AF /* Build configuration list for PBXNativeTarget "week2UITests" */ = {
			isa = XCConfigurationList;
			buildConfigurations = (
				11B969D8295B28A3009C73AF /* Debug */,
				11B969D9295B28A3009C73AF /* Release */,
			);
			defaultConfigurationIsVisible = 0;
			defaultConfigurationName = Release;
		};
/* End XCConfigurationList section */
	};
	rootObject = 11B9699F295B28A1009C73AF /* Project object */;
}
